
Microsoft Visual Studio Solution File, Format Version 12.00
# Visual Studio 15
VisualStudioVersion = 15.0.27130.2027
MinimumVisualStudioVersion = 10.0.40219.1
Project("{FAE04EC0-301F-11D3-BF4B-00C04F79EFBC}") = "JFSC", "JFSC\JFSC.csproj", "{8069553D-FF65-4567-AD53-124EADAF90E4}"
EndProject
Global
	GlobalSection(SolutionConfigurationPlatforms) = preSolution
		Debug|Any CPU = Debug|Any CPU
		Release|Any CPU = Release|Any CPU
	EndGlobalSection
	GlobalSection(ProjectConfigurationPlatforms) = postSolution
		{8069553D-FF65-4567-AD53-124EADAF90E4}.Debug|Any CPU.ActiveCfg = Debug|Any CPU
		{8069553D-FF65-4567-AD53-124EADAF90E4}.Debug|Any CPU.Build.0 = Debug|Any CPU
		{8069553D-FF65-4567-AD53-124EADAF90E4}.Release|Any CPU.ActiveCfg = Release|Any CPU
		{8069553D-FF65-4567-AD53-124EADAF90E4}.Release|Any CPU.Build.0 = Release|Any CPU
	EndGlobalSection
	GlobalSection(SolutionProperties) = preSolution
		HideSolutionNode = FALSE
	EndGlobalSection
	GlobalSection(ExtensibilityGlobals) = postSolution
		SolutionGuid = {3F02BB2D-8C42-4D65-8BC4-77DC3AC4C0DD}
	EndGlobalSection
EndGlobal
